
Microsoft Visual Studio Solution File, Format Version 12.00
# Visual Studio Version 16
VisualStudioVersion = 16.0.30413.136
MinimumVisualStudioVersion = 10.0.40219.1
Project("{2150E333-8FDC-42A3-9474-1A3956D46DE8}") = "src", "src", "{18F3D23E-AF39-4124-AD56-C259375E01FD}"
EndProject
Project("{2150E333-8FDC-42A3-9474-1A3956D46DE8}") = "tests", "tests", "{2DAFC028-A955-4C38-8A82-8F9FEA799943}"
EndProject
Project("{2150E333-8FDC-42A3-9474-1A3956D46DE8}") = "01 - Apresentação", "01 - Apresentação", "{20DA704A-70D7-405F-ADC0-94AF99D67572}"
EndProject
Project("{2150E333-8FDC-42A3-9474-1A3956D46DE8}") = "02 - Aplicação", "02 - Aplicação", "{8A07DF00-6F5A-4AB8-A204-F9393753B469}"
EndProject
Project("{2150E333-8FDC-42A3-9474-1A3956D46DE8}") = "03 - Domínio", "03 - Domínio", "{4EB8ADCA-B146-49D3-B391-5FDF5507236F}"
EndProject
Project("{2150E333-8FDC-42A3-9474-1A3956D46DE8}") = "04 - Infra", "04 - Infra", "{2717D616-8F56-43C5-9074-E255B45B325B}"
EndProject
Project("{2150E333-8FDC-42A3-9474-1A3956D46DE8}") = "4.1. - Data", "4.1. - Data", "{54E61C50-B6C1-4855-BF8D-3DDBE6C44EB2}"
EndProject
Project("{2150E333-8FDC-42A3-9474-1A3956D46DE8}") = "4.2. - Crosscutting", "4.2. - Crosscutting", "{AEC2D025-B966-4B9C-B567-CA81E8FF9C26}"
EndProject
Project("{9A19103F-16F7-4668-BE54-9A1E7A4F7556}") = "GRUBSCHOOL.CrossCutting.IoC", "src\GRUBSCHOOL.Crosscutting.IoC\GRUBSCHOOL.CrossCutting.IoC.csproj", "{585D2916-6CA2-4F97-9028-1C63893725DA}"
EndProject
Project("{9A19103F-16F7-4668-BE54-9A1E7A4F7556}") = "GRUBSCHOOL.CrossCutting", "src\GRUBSCHOOL.CrossCutting\GRUBSCHOOL.CrossCutting.csproj", "{CA3A73C1-D4F2-4BA0-A6CB-0E949D4FA4E3}"
EndProject
Project("{9A19103F-16F7-4668-BE54-9A1E7A4F7556}") = "GRUBSCHOOL.Infra.Data", "src\GRUBSCHOOL.Infra.Data\GRUBSCHOOL.Infra.Data.csproj", "{DB269A5D-9F5F-4815-AECD-5FB1BCF05327}"
EndProject
Project("{9A19103F-16F7-4668-BE54-9A1E7A4F7556}") = "GRUBSCHOOL.Domain", "src\GRUBSCHOOL.Domain\GRUBSCHOOL.Domain.csproj", "{41BC5AF0-25E0-40A2-917F-83C2E8E80253}"
EndProject
Project("{9A19103F-16F7-4668-BE54-9A1E7A4F7556}") = "GRUBSCHOOL.Domain.Shared", "src\GRUBSCHOOL.Domain.Shared\GRUBSCHOOL.Domain.Shared.csproj", "{CE60AE62-309C-40CB-ABDC-0C0CA8CAD708}"
EndProject
Project("{9A19103F-16F7-4668-BE54-9A1E7A4F7556}") = "GRUBSCHOOL.Application", "src\GRUBSCHOOL.Application\GRUBSCHOOL.Application.csproj", "{DDA271C8-C012-40FE-AF7E-5D6204798CD2}"
EndProject
Project("{2150E333-8FDC-42A3-9474-1A3956D46DE8}") = "1.1. - Desktop", "1.1. - Desktop", "{E78CB3C6-4699-4036-9DBE-A02D4391AEE5}"
EndProject
Project("{2150E333-8FDC-42A3-9474-1A3956D46DE8}") = "1.2. - Web", "1.2. - Web", "{E3A317F7-9690-4B4B-BA75-A5A7E0DBBB08}"
EndProject
Project("{2150E333-8FDC-42A3-9474-1A3956D46DE8}") = "1.3. - Mobile", "1.3. - Mobile", "{68364123-7CF1-4BCA-B8AD-C582520C1EBE}"
EndProject
Project("{FAE04EC0-301F-11D3-BF4B-00C04F79EFBC}") = "GRUBSCHOOL.Apresentation.Desktop", "src\GRUBSCHOOL.Apresentation.Desktop\GRUBSCHOOL.Apresentation.Desktop.csproj", "{E9A1BC33-F642-4977-9C67-302052479D4A}"
EndProject
Project("{9A19103F-16F7-4668-BE54-9A1E7A4F7556}") = "GRUBSCHOOL.Apresentation.Desktop.NETCore", "src\GRUBSCHOOL.Apresentation.Desktop.NETCore\GRUBSCHOOL.Apresentation.Desktop.NETCore.csproj", "{3620FB2F-C9E6-45AE-B25D-79886F264644}"
EndProject
Project("{9A19103F-16F7-4668-BE54-9A1E7A4F7556}") = "GRUBSCHOOL.Apresentation.ASPNetCore", "src\GRUBSCHOOL.Apresentation.ASPNetCore\GRUBSCHOOL.Apresentation.ASPNetCore.csproj", "{6ED676CE-D8F9-4B78-B818-0FE2727F7454}"
EndProject
Project("{2150E333-8FDC-42A3-9474-1A3956D46DE8}") = "04 - Domíno.Testes", "04 - Domíno.Testes", "{21476250-F86B-4D1F-8899-6B848B1DD8E8}"
EndProject
Project("{FAE04EC0-301F-11D3-BF4B-00C04F79EFBC}") = "GRUBSCHOOL.Domain.Tests", "tests\GRUBSCHOOL.Domain.Tests\GRUBSCHOOL.Domain.Tests.csproj", "{9175583A-F2BE-41FB-80A6-B46BF804D3A0}"
EndProject
Global
	GlobalSection(SolutionConfigurationPlatforms) = preSolution
		Debug|Any CPU = Debug|Any CPU
		Release|Any CPU = Release|Any CPU
	EndGlobalSection
	GlobalSection(ProjectConfigurationPlatforms) = postSolution
		{585D2916-6CA2-4F97-9028-1C63893725DA}.Debug|Any CPU.ActiveCfg = Debug|Any CPU
		{585D2916-6CA2-4F97-9028-1C63893725DA}.Debug|Any CPU.Build.0 = Debug|Any CPU
		{585D2916-6CA2-4F97-9028-1C63893725DA}.Release|Any CPU.ActiveCfg = Release|Any CPU
		{585D2916-6CA2-4F97-9028-1C63893725DA}.Release|Any CPU.Build.0 = Release|Any CPU
		{CA3A73C1-D4F2-4BA0-A6CB-0E949D4FA4E3}.Debug|Any CPU.ActiveCfg = Debug|Any CPU
		{CA3A73C1-D4F2-4BA0-A6CB-0E949D4FA4E3}.Debug|Any CPU.Build.0 = Debug|Any CPU
		{CA3A73C1-D4F2-4BA0-A6CB-0E949D4FA4E3}.Release|Any CPU.ActiveCfg = Release|Any CPU
		{CA3A73C1-D4F2-4BA0-A6CB-0E949D4FA4E3}.Release|Any CPU.Build.0 = Release|Any CPU
		{DB269A5D-9F5F-4815-AECD-5FB1BCF05327}.Debug|Any CPU.ActiveCfg = Debug|Any CPU
		{DB269A5D-9F5F-4815-AECD-5FB1BCF05327}.Debug|Any CPU.Build.0 = Debug|Any CPU
		{DB269A5D-9F5F-4815-AECD-5FB1BCF05327}.Release|Any CPU.ActiveCfg = Release|Any CPU
		{DB269A5D-9F5F-4815-AECD-5FB1BCF05327}.Release|Any CPU.Build.0 = Release|Any CPU
		{41BC5AF0-25E0-40A2-917F-83C2E8E80253}.Debug|Any CPU.ActiveCfg = Debug|Any CPU
		{41BC5AF0-25E0-40A2-917F-83C2E8E80253}.Debug|Any CPU.Build.0 = Debug|Any CPU
		{41BC5AF0-25E0-40A2-917F-83C2E8E80253}.Release|Any CPU.ActiveCfg = Release|Any CPU
		{41BC5AF0-25E0-40A2-917F-83C2E8E80253}.Release|Any CPU.Build.0 = Release|Any CPU
		{CE60AE62-309C-40CB-ABDC-0C0CA8CAD708}.Debug|Any CPU.ActiveCfg = Debug|Any CPU
		{CE60AE62-309C-40CB-ABDC-0C0CA8CAD708}.Debug|Any CPU.Build.0 = Debug|Any CPU
		{CE60AE62-309C-40CB-ABDC-0C0CA8CAD708}.Release|Any CPU.ActiveCfg = Release|Any CPU
		{CE60AE62-309C-40CB-ABDC-0C0CA8CAD708}.Release|Any CPU.Build.0 = Release|Any CPU
		{DDA271C8-C012-40FE-AF7E-5D6204798CD2}.Debug|Any CPU.ActiveCfg = Debug|Any CPU
		{DDA271C8-C012-40FE-AF7E-5D6204798CD2}.Debug|Any CPU.Build.0 = Debug|Any CPU
		{DDA271C8-C012-40FE-AF7E-5D6204798CD2}.Release|Any CPU.ActiveCfg = Release|Any CPU
		{DDA271C8-C012-40FE-AF7E-5D6204798CD2}.Release|Any CPU.Build.0 = Release|Any CPU
		{E9A1BC33-F642-4977-9C67-302052479D4A}.Debug|Any CPU.ActiveCfg = Debug|Any CPU
		{E9A1BC33-F642-4977-9C67-302052479D4A}.Debug|Any CPU.Build.0 = Debug|Any CPU
		{E9A1BC33-F642-4977-9C67-302052479D4A}.Release|Any CPU.ActiveCfg = Release|Any CPU
		{E9A1BC33-F642-4977-9C67-302052479D4A}.Release|Any CPU.Build.0 = Release|Any CPU
		{3620FB2F-C9E6-45AE-B25D-79886F264644}.Debug|Any CPU.ActiveCfg = Debug|Any CPU
		{3620FB2F-C9E6-45AE-B25D-79886F264644}.Debug|Any CPU.Build.0 = Debug|Any CPU
		{3620FB2F-C9E6-45AE-B25D-79886F264644}.Release|Any CPU.ActiveCfg = Release|Any CPU
		{3620FB2F-C9E6-45AE-B25D-79886F264644}.Release|Any CPU.Build.0 = Release|Any CPU
		{6ED676CE-D8F9-4B78-B818-0FE2727F7454}.Debug|Any CPU.ActiveCfg = Debug|Any CPU
		{6ED676CE-D8F9-4B78-B818-0FE2727F7454}.Debug|Any CPU.Build.0 = Debug|Any CPU
		{6ED676CE-D8F9-4B78-B818-0FE2727F7454}.Release|Any CPU.ActiveCfg = Release|Any CPU
		{6ED676CE-D8F9-4B78-B818-0FE2727F7454}.Release|Any CPU.Build.0 = Release|Any CPU
		{9175583A-F2BE-41FB-80A6-B46BF804D3A0}.Debug|Any CPU.ActiveCfg = Debug|Any CPU
		{9175583A-F2BE-41FB-80A6-B46BF804D3A0}.Debug|Any CPU.Build.0 = Debug|Any CPU
		{9175583A-F2BE-41FB-80A6-B46BF804D3A0}.Release|Any CPU.ActiveCfg = Release|Any CPU
		{9175583A-F2BE-41FB-80A6-B46BF804D3A0}.Release|Any CPU.Build.0 = Release|Any CPU
	EndGlobalSection
	GlobalSection(SolutionProperties) = preSolution
		HideSolutionNode = FALSE
	EndGlobalSection
	GlobalSection(NestedProjects) = preSolution
		{20DA704A-70D7-405F-ADC0-94AF99D67572} = {18F3D23E-AF39-4124-AD56-C259375E01FD}
		{8A07DF00-6F5A-4AB8-A204-F9393753B469} = {18F3D23E-AF39-4124-AD56-C259375E01FD}
		{4EB8ADCA-B146-49D3-B391-5FDF5507236F} = {18F3D23E-AF39-4124-AD56-C259375E01FD}
		{2717D616-8F56-43C5-9074-E255B45B325B} = {18F3D23E-AF39-4124-AD56-C259375E01FD}
		{54E61C50-B6C1-4855-BF8D-3DDBE6C44EB2} = {2717D616-8F56-43C5-9074-E255B45B325B}
		{AEC2D025-B966-4B9C-B567-CA81E8FF9C26} = {2717D616-8F56-43C5-9074-E255B45B325B}
		{585D2916-6CA2-4F97-9028-1C63893725DA} = {AEC2D025-B966-4B9C-B567-CA81E8FF9C26}
		{CA3A73C1-D4F2-4BA0-A6CB-0E949D4FA4E3} = {AEC2D025-B966-4B9C-B567-CA81E8FF9C26}
		{DB269A5D-9F5F-4815-AECD-5FB1BCF05327} = {54E61C50-B6C1-4855-BF8D-3DDBE6C44EB2}
		{41BC5AF0-25E0-40A2-917F-83C2E8E80253} = {4EB8ADCA-B146-49D3-B391-5FDF5507236F}
		{CE60AE62-309C-40CB-ABDC-0C0CA8CAD708} = {4EB8ADCA-B146-49D3-B391-5FDF5507236F}
		{DDA271C8-C012-40FE-AF7E-5D6204798CD2} = {8A07DF00-6F5A-4AB8-A204-F9393753B469}
		{E78CB3C6-4699-4036-9DBE-A02D4391AEE5} = {20DA704A-70D7-405F-ADC0-94AF99D67572}
		{E3A317F7-9690-4B4B-BA75-A5A7E0DBBB08} = {20DA704A-70D7-405F-ADC0-94AF99D67572}
		{68364123-7CF1-4BCA-B8AD-C582520C1EBE} = {20DA704A-70D7-405F-ADC0-94AF99D67572}
		{E9A1BC33-F642-4977-9C67-302052479D4A} = {E78CB3C6-4699-4036-9DBE-A02D4391AEE5}
		{3620FB2F-C9E6-45AE-B25D-79886F264644} = {E78CB3C6-4699-4036-9DBE-A02D4391AEE5}
		{6ED676CE-D8F9-4B78-B818-0FE2727F7454} = {E3A317F7-9690-4B4B-BA75-A5A7E0DBBB08}
		{21476250-F86B-4D1F-8899-6B848B1DD8E8} = {2DAFC028-A955-4C38-8A82-8F9FEA799943}
		{9175583A-F2BE-41FB-80A6-B46BF804D3A0} = {21476250-F86B-4D1F-8899-6B848B1DD8E8}
	EndGlobalSection
	GlobalSection(ExtensibilityGlobals) = postSolution
		SolutionGuid = {3DB3EEBF-F39E-4306-BBBD-AC66E10ABDC1}
	EndGlobalSection
EndGlobal
